
Microsoft Visual Studio Solution File, Format Version 12.00
# Visual Studio Version 16
VisualStudioVersion = 16.0.34601.136
MinimumVisualStudioVersion = 10.0.40219.1
Project("{FAE04EC0-301F-11D3-BF4B-00C04F79EFBC}") = "DoAnMonHocASP.NET", "DoAnMonHocASP.NET\DoAnMonHocASP.NET.csproj", "{9BD7B292-FA55-4040-8F4D-C4051609FBE3}"
EndProject
Global
	GlobalSection(SolutionConfigurationPlatforms) = preSolution
		Debug|Any CPU = Debug|Any CPU
		Release|Any CPU = Release|Any CPU
	EndGlobalSection
	GlobalSection(ProjectConfigurationPlatforms) = postSolution
		{9BD7B292-FA55-4040-8F4D-C4051609FBE3}.Debug|Any CPU.ActiveCfg = Debug|Any CPU
		{9BD7B292-FA55-4040-8F4D-C4051609FBE3}.Debug|Any CPU.Build.0 = Debug|Any CPU
		{9BD7B292-FA55-4040-8F4D-C4051609FBE3}.Release|Any CPU.ActiveCfg = Release|Any CPU
		{9BD7B292-FA55-4040-8F4D-C4051609FBE3}.Release|Any CPU.Build.0 = Release|Any CPU
	EndGlobalSection
	GlobalSection(SolutionProperties) = preSolution
		HideSolutionNode = FALSE
	EndGlobalSection
	GlobalSection(ExtensibilityGlobals) = postSolution
		SolutionGuid = {5ABBE990-A599-489A-BCE4-E180CC3117FE}
	EndGlobalSection
EndGlobal
